// !$*UTF8*$!
{
	archiveVersion = 1;
	classes = {
	};
	objectVersion = 55;
	objects = {

/* Begin PBXBuildFile section */
		9435EC7B27E2895700FF6F76 /* Coordinator.swift in Sources */ = {isa = PBXBuildFile; fileRef = 9435EC7A27E2895700FF6F76 /* Coordinator.swift */; };
		9453376327E276A300AAAD5C /* Twitter_SwiftUIApp.swift in Sources */ = {isa = PBXBuildFile; fileRef = 9453376227E276A300AAAD5C /* Twitter_SwiftUIApp.swift */; };
		9453376527E276A300AAAD5C /* ContentView.swift in Sources */ = {isa = PBXBuildFile; fileRef = 9453376427E276A300AAAD5C /* ContentView.swift */; };
		9453376727E276A500AAAD5C /* Assets.xcassets in Resources */ = {isa = PBXBuildFile; fileRef = 9453376627E276A500AAAD5C /* Assets.xcassets */; };
		9453376A27E276A500AAAD5C /* Preview Assets.xcassets in Resources */ = {isa = PBXBuildFile; fileRef = 9453376927E276A500AAAD5C /* Preview Assets.xcassets */; };
		9453377527E2781100AAAD5C /* Models.swift in Sources */ = {isa = PBXBuildFile; fileRef = 9453377427E2781100AAAD5C /* Models.swift */; };
		9453377727E2784000AAAD5C /* DTOs.swift in Sources */ = {isa = PBXBuildFile; fileRef = 9453377627E2784000AAAD5C /* DTOs.swift */; };
		9453377927E2787300AAAD5C /* RequestError.swift in Sources */ = {isa = PBXBuildFile; fileRef = 9453377827E2787300AAAD5C /* RequestError.swift */; };
		9453377B27E278A700AAAD5C /* INetworkLayer.swift in Sources */ = {isa = PBXBuildFile; fileRef = 9453377A27E278A700AAAD5C /* INetworkLayer.swift */; };
		9453377D27E278DE00AAAD5C /* DummyData.swift in Sources */ = {isa = PBXBuildFile; fileRef = 9453377C27E278DE00AAAD5C /* DummyData.swift */; };
		9453377F27E2794800AAAD5C /* DummyNetworkLayer.swift in Sources */ = {isa = PBXBuildFile; fileRef = 9453377E27E2794800AAAD5C /* DummyNetworkLayer.swift */; };
		9453378427E27A0B00AAAD5C /* FeedView.swift in Sources */ = {isa = PBXBuildFile; fileRef = 9453378327E27A0B00AAAD5C /* FeedView.swift */; };
		9453378627E27A2100AAAD5C /* CreatePostView.swift in Sources */ = {isa = PBXBuildFile; fileRef = 9453378527E27A2100AAAD5C /* CreatePostView.swift */; };
		9453378827E27A3000AAAD5C /* FeedViewModel.swift in Sources */ = {isa = PBXBuildFile; fileRef = 9453378727E27A3000AAAD5C /* FeedViewModel.swift */; };
		9453378B27E27E5200AAAD5C /* Resources.swift in Sources */ = {isa = PBXBuildFile; fileRef = 9453378A27E27E5200AAAD5C /* Resources.swift */; };
/* End PBXBuildFile section */

/* Begin PBXFileReference section */
		9435EC7A27E2895700FF6F76 /* Coordinator.swift */ = {isa = PBXFileReference; lastKnownFileType = sourcecode.swift; path = Coordinator.swift; sourceTree = "<group>"; };
		9453375F27E276A300AAAD5C /* Twitter-SwiftUI.app */ = {isa = PBXFileReference; explicitFileType = wrapper.application; includeInIndex = 0; path = "Twitter-SwiftUI.app"; sourceTree = BUILT_PRODUCTS_DIR; };
		9453376227E276A300AAAD5C /* Twitter_SwiftUIApp.swift */ = {isa = PBXFileReference; lastKnownFileType = sourcecode.swift; path = Twitter_SwiftUIApp.swift; sourceTree = "<group>"; };
		9453376427E276A300AAAD5C /* ContentView.swift */ = {isa = PBXFileReference; lastKnownFileType = sourcecode.swift; path = ContentView.swift; sourceTree = "<group>"; };
		9453376627E276A500AAAD5C /* Assets.xcassets */ = {isa = PBXFileReference; lastKnownFileType = folder.assetcatalog; path = Assets.xcassets; sourceTree = "<group>"; };
		9453376927E276A500AAAD5C /* Preview Assets.xcassets */ = {isa = PBXFileReference; lastKnownFileType = folder.assetcatalog; path = "Preview Assets.xcassets"; sourceTree = "<group>"; };
		9453377427E2781100AAAD5C /* Models.swift */ = {isa = PBXFileReference; lastKnownFileType = sourcecode.swift; path = Models.swift; sourceTree = "<group>"; };
		9453377627E2784000AAAD5C /* DTOs.swift */ = {isa = PBXFileReference; lastKnownFileType = sourcecode.swift; path = DTOs.swift; sourceTree = "<group>"; };
		9453377827E2787300AAAD5C /* RequestError.swift */ = {isa = PBXFileReference; lastKnownFileType = sourcecode.swift; path = RequestError.swift; sourceTree = "<group>"; };
		9453377A27E278A700AAAD5C /* INetworkLayer.swift */ = {isa = PBXFileReference; lastKnownFileType = sourcecode.swift; path = INetworkLayer.swift; sourceTree = "<group>"; };
		9453377C27E278DE00AAAD5C /* DummyData.swift */ = {isa = PBXFileReference; lastKnownFileType = sourcecode.swift; path = DummyData.swift; sourceTree = "<group>"; };
		9453377E27E2794800AAAD5C /* DummyNetworkLayer.swift */ = {isa = PBXFileReference; lastKnownFileType = sourcecode.swift; path = DummyNetworkLayer.swift; sourceTree = "<group>"; };
		9453378327E27A0B00AAAD5C /* FeedView.swift */ = {isa = PBXFileReference; lastKnownFileType = sourcecode.swift; path = FeedView.swift; sourceTree = "<group>"; };
		9453378527E27A2100AAAD5C /* CreatePostView.swift */ = {isa = PBXFileReference; lastKnownFileType = sourcecode.swift; path = CreatePostView.swift; sourceTree = "<group>"; };
		9453378727E27A3000AAAD5C /* FeedViewModel.swift */ = {isa = PBXFileReference; lastKnownFileType = sourcecode.swift; path = FeedViewModel.swift; sourceTree = "<group>"; };
		9453378A27E27E5200AAAD5C /* Resources.swift */ = {isa = PBXFileReference; lastKnownFileType = sourcecode.swift; path = Resources.swift; sourceTree = "<group>"; };
/* End PBXFileReference section */

/* Begin PBXFrameworksBuildPhase section */
		9453375C27E276A300AAAD5C /* Frameworks */ = {
			isa = PBXFrameworksBuildPhase;
			buildActionMask = 2147483647;
			files = (
			);
			runOnlyForDeploymentPostprocessing = 0;
		};
/* End PBXFrameworksBuildPhase section */

/* Begin PBXGroup section */
		9453375627E276A300AAAD5C = {
			isa = PBXGroup;
			children = (
				9453376127E276A300AAAD5C /* Twitter-SwiftUI */,
				9453376027E276A300AAAD5C /* Products */,
			);
			sourceTree = "<group>";
		};
		9453376027E276A300AAAD5C /* Products */ = {
			isa = PBXGroup;
			children = (
				9453375F27E276A300AAAD5C /* Twitter-SwiftUI.app */,
			);
			name = Products;
			sourceTree = "<group>";
		};
		9453376127E276A300AAAD5C /* Twitter-SwiftUI */ = {
			isa = PBXGroup;
			children = (
				9453378927E27E4700AAAD5C /* Resources */,
				9453378227E279C200AAAD5C /* Coordinator */,
				9453377327E277CC00AAAD5C /* Model */,
				9453377227E277BF00AAAD5C /* Network */,
				9453377127E277B700AAAD5C /* UI */,
				9453377027E277B000AAAD5C /* App */,
				9453376627E276A500AAAD5C /* Assets.xcassets */,
				9453376827E276A500AAAD5C /* Preview Content */,
			);
			path = "Twitter-SwiftUI";
			sourceTree = "<group>";
		};
		9453376827E276A500AAAD5C /* Preview Content */ = {
			isa = PBXGroup;
			children = (
				9453376927E276A500AAAD5C /* Preview Assets.xcassets */,
				9453377C27E278DE00AAAD5C /* DummyData.swift */,
				9453377E27E2794800AAAD5C /* DummyNetworkLayer.swift */,
			);
			path = "Preview Content";
			sourceTree = "<group>";
		};
		9453377027E277B000AAAD5C /* App */ = {
			isa = PBXGroup;
			children = (
				9453376227E276A300AAAD5C /* Twitter_SwiftUIApp.swift */,
			);
			path = App;
			sourceTree = "<group>";
		};
		9453377127E277B700AAAD5C /* UI */ = {
			isa = PBXGroup;
			children = (
				9453376427E276A300AAAD5C /* ContentView.swift */,
				9453378027E279A300AAAD5C /* Feed */,
				9453378127E279AA00AAAD5C /* Create Post */,
			);
			path = UI;
			sourceTree = "<group>";
		};
		9453377227E277BF00AAAD5C /* Network */ = {
			isa = PBXGroup;
			children = (
				9453377827E2787300AAAD5C /* RequestError.swift */,
				9453377A27E278A700AAAD5C /* INetworkLayer.swift */,
			);
			path = Network;
			sourceTree = "<group>";
		};
		9453377327E277CC00AAAD5C /* Model */ = {
			isa = PBXGroup;
			children = (
				9453377427E2781100AAAD5C /* Models.swift */,
				9453377627E2784000AAAD5C /* DTOs.swift */,
			);
			path = Model;
			sourceTree = "<group>";
		};
		9453378027E279A300AAAD5C /* Feed */ = {
			isa = PBXGroup;
			children = (
				9453378327E27A0B00AAAD5C /* FeedView.swift */,
				9453378727E27A3000AAAD5C /* FeedViewModel.swift */,
			);
			path = Feed;
			sourceTree = "<group>";
		};
		9453378127E279AA00AAAD5C /* Create Post */ = {
			isa = PBXGroup;
			children = (
				9453378527E27A2100AAAD5C /* CreatePostView.swift */,
			);
			path = "Create Post";
			sourceTree = "<group>";
		};
		9453378227E279C200AAAD5C /* Coordinator */ = {
			isa = PBXGroup;
			children = (
				9435EC7A27E2895700FF6F76 /* Coordinator.swift */,
			);
			path = Coordinator;
			sourceTree = "<group>";
		};
		9453378927E27E4700AAAD5C /* Resources */ = {
			isa = PBXGroup;
			children = (
				9453378A27E27E5200AAAD5C /* Resources.swift */,
			);
			path = Resources;
			sourceTree = "<group>";
		};
/* End PBXGroup section */

/* Begin PBXNativeTarget section */
		9453375E27E276A300AAAD5C /* Twitter-SwiftUI */ = {
			isa = PBXNativeTarget;
			buildConfigurationList = 9453376D27E276A500AAAD5C /* Build configuration list for PBXNativeTarget "Twitter-SwiftUI" */;
			buildPhases = (
				9453375B27E276A300AAAD5C /* Sources */,
				9453375C27E276A300AAAD5C /* Frameworks */,
				9453375D27E276A300AAAD5C /* Resources */,
			);
			buildRules = (
			);
			dependencies = (
			);
			name = "Twitter-SwiftUI";
			productName = "Twitter-SwiftUI";
			productReference = 9453375F27E276A300AAAD5C /* Twitter-SwiftUI.app */;
			productType = "com.apple.product-type.application";
		};
/* End PBXNativeTarget section */

/* Begin PBXProject section */
		9453375727E276A300AAAD5C /* Project object */ = {
			isa = PBXProject;
			attributes = {
				BuildIndependentTargetsInParallel = 1;
				LastSwiftUpdateCheck = 1320;
				LastUpgradeCheck = 1320;
				TargetAttributes = {
					9453375E27E276A300AAAD5C = {
						CreatedOnToolsVersion = 13.2.1;
					};
				};
			};
			buildConfigurationList = 9453375A27E276A300AAAD5C /* Build configuration list for PBXProject "Twitter-SwiftUI" */;
			compatibilityVersion = "Xcode 13.0";
			developmentRegion = en;
			hasScannedForEncodings = 0;
			knownRegions = (
				en,
				Base,
			);
			mainGroup = 9453375627E276A300AAAD5C;
			productRefGroup = 9453376027E276A300AAAD5C /* Products */;
			projectDirPath = "";
			projectRoot = "";
			targets = (
				9453375E27E276A300AAAD5C /* Twitter-SwiftUI */,
			);
		};
/* End PBXProject section */

/* Begin PBXResourcesBuildPhase section */
		9453375D27E276A300AAAD5C /* Resources */ = {
			isa = PBXResourcesBuildPhase;
			buildActionMask = 2147483647;
			files = (
				9453376A27E276A500AAAD5C /* Preview Assets.xcassets in Resources */,
				9453376727E276A500AAAD5C /* Assets.xcassets in Resources */,
			);
			runOnlyForDeploymentPostprocessing = 0;
		};
/* End PBXResourcesBuildPhase section */

/* Begin PBXSourcesBuildPhase section */
		9453375B27E276A300AAAD5C /* Sources */ = {
			isa = PBXSourcesBuildPhase;
			buildActionMask = 2147483647;
			files = (
				9453378627E27A2100AAAD5C /* CreatePostView.swift in Sources */,
				9453377B27E278A700AAAD5C /* INetworkLayer.swift in Sources */,
				9435EC7B27E2895700FF6F76 /* Coordinator.swift in Sources */,
				9453378427E27A0B00AAAD5C /* FeedView.swift in Sources */,
				9453377527E2781100AAAD5C /* Models.swift in Sources */,
				9453377927E2787300AAAD5C /* RequestError.swift in Sources */,
				9453378827E27A3000AAAD5C /* FeedViewModel.swift in Sources */,
				9453377D27E278DE00AAAD5C /* DummyData.swift in Sources */,
				9453376527E276A300AAAD5C /* ContentView.swift in Sources */,
				9453377F27E2794800AAAD5C /* DummyNetworkLayer.swift in Sources */,
				9453378B27E27E5200AAAD5C /* Resources.swift in Sources */,
				9453376327E276A300AAAD5C /* Twitter_SwiftUIApp.swift in Sources */,
				9453377727E2784000AAAD5C /* DTOs.swift in Sources */,
			);
			runOnlyForDeploymentPostprocessing = 0;
		};
/* End PBXSourcesBuildPhase section */

/* Begin XCBuildConfiguration section */
		9453376B27E276A500AAAD5C /* Debug */ = {
			isa = XCBuildConfiguration;
			buildSettings = {
				ALWAYS_SEARCH_USER_PATHS = NO;
				CLANG_ANALYZER_NONNULL = YES;
				CLANG_ANALYZER_NUMBER_OBJECT_CONVERSION = YES_AGGRESSIVE;
				CLANG_CXX_LANGUAGE_STANDARD = "gnu++17";
				CLANG_CXX_LIBRARY = "libc++";
				CLANG_ENABLE_MODULES = YES;
				CLANG_ENABLE_OBJC_ARC = YES;
				CLANG_ENABLE_OBJC_WEAK = YES;
				CLANG_WARN_BLOCK_CAPTURE_AUTORELEASING = YES;
				CLANG_WARN_BOOL_CONVERSION = YES;
				CLANG_WARN_COMMA = YES;
				CLANG_WARN_CONSTANT_CONVERSION = YES;
				CLANG_WARN_DEPRECATED_OBJC_IMPLEMENTATIONS = YES;
				CLANG_WARN_DIRECT_OBJC_ISA_USAGE = YES_ERROR;
				CLANG_WARN_DOCUMENTATION_COMMENTS = YES;
				CLANG_WARN_EMPTY_BODY = YES;
				CLANG_WARN_ENUM_CONVERSION = YES;
				CLANG_WARN_INFINITE_RECURSION = YES;
				CLANG_WARN_INT_CONVERSION = YES;
				CLANG_WARN_NON_LITERAL_NULL_CONVERSION = YES;
				CLANG_WARN_OBJC_IMPLICIT_RETAIN_SELF = YES;
				CLANG_WARN_OBJC_LITERAL_CONVERSION = YES;
				CLANG_WARN_OBJC_ROOT_CLASS = YES_ERROR;
				CLANG_WARN_QUOTED_INCLUDE_IN_FRAMEWORK_HEADER = YES;
				CLANG_WARN_RANGE_LOOP_ANALYSIS = YES;
				CLANG_WARN_STRICT_PROTOTYPES = YES;
				CLANG_WARN_SUSPICIOUS_MOVE = YES;
				CLANG_WARN_UNGUARDED_AVAILABILITY = YES_AGGRESSIVE;
				CLANG_WARN_UNREACHABLE_CODE = YES;
				CLANG_WARN__DUPLICATE_METHOD_MATCH = YES;
				COPY_PHASE_STRIP = NO;
				DEBUG_INFORMATION_FORMAT = dwarf;
				ENABLE_STRICT_OBJC_MSGSEND = YES;
				ENABLE_TESTABILITY = YES;
				GCC_C_LANGUAGE_STANDARD = gnu11;
				GCC_DYNAMIC_NO_PIC = NO;
				GCC_NO_COMMON_BLOCKS = YES;
				GCC_OPTIMIZATION_LEVEL = 0;
				GCC_PREPROCESSOR_DEFINITIONS = (
					"DEBUG=1",
					"$(inherited)",
				);
				GCC_WARN_64_TO_32_BIT_CONVERSION = YES;
				GCC_WARN_ABOUT_RETURN_TYPE = YES_ERROR;
				GCC_WARN_UNDECLARED_SELECTOR = YES;
				GCC_WARN_UNINITIALIZED_AUTOS = YES_AGGRESSIVE;
				GCC_WARN_UNUSED_FUNCTION = YES;
				GCC_WARN_UNUSED_VARIABLE = YES;
				IPHONEOS_DEPLOYMENT_TARGET = 15.2;
				MTL_ENABLE_DEBUG_INFO = INCLUDE_SOURCE;
				MTL_FAST_MATH = YES;
				ONLY_ACTIVE_ARCH = YES;
				SDKROOT = iphoneos;
				SWIFT_ACTIVE_COMPILATION_CONDITIONS = DEBUG;
				SWIFT_OPTIMIZATION_LEVEL = "-Onone";
			};
			name = Debug;
		};
		9453376C27E276A500AAAD5C /* Release */ = {
			isa = XCBuildConfiguration;
			buildSettings = {
				ALWAYS_SEARCH_USER_PATHS = NO;
				CLANG_ANALYZER_NONNULL = YES;
				CLANG_ANALYZER_NUMBER_OBJECT_CONVERSION = YES_AGGRESSIVE;
				CLANG_CXX_LANGUAGE_STANDARD = "gnu++17";
				CLANG_CXX_LIBRARY = "libc++";
				CLANG_ENABLE_MODULES = YES;
				CLANG_ENABLE_OBJC_ARC = YES;
				CLANG_ENABLE_OBJC_WEAK = YES;
				CLANG_WARN_BLOCK_CAPTURE_AUTORELEASING = YES;
				CLANG_WARN_BOOL_CONVERSION = YES;
				CLANG_WARN_COMMA = YES;
				CLANG_WARN_CONSTANT_CONVERSION = YES;
				CLANG_WARN_DEPRECATED_OBJC_IMPLEMENTATIONS = YES;
				CLANG_WARN_DIRECT_OBJC_ISA_USAGE = YES_ERROR;
				CLANG_WARN_DOCUMENTATION_COMMENTS = YES;
				CLANG_WARN_EMPTY_BODY = YES;
				CLANG_WARN_ENUM_CONVERSION = YES;
				CLANG_WARN_INFINITE_RECURSION = YES;
				CLANG_WARN_INT_CONVERSION = YES;
				CLANG_WARN_NON_LITERAL_NULL_CONVERSION = YES;
				CLANG_WARN_OBJC_IMPLICIT_RETAIN_SELF = YES;
				CLANG_WARN_OBJC_LITERAL_CONVERSION = YES;
				CLANG_WARN_OBJC_ROOT_CLASS = YES_ERROR;
				CLANG_WARN_QUOTED_INCLUDE_IN_FRAMEWORK_HEADER = YES;
				CLANG_WARN_RANGE_LOOP_ANALYSIS = YES;
				CLANG_WARN_STRICT_PROTOTYPES = YES;
				CLANG_WARN_SUSPICIOUS_MOVE = YES;
				CLANG_WARN_UNGUARDED_AVAILABILITY = YES_AGGRESSIVE;
				CLANG_WARN_UNREACHABLE_CODE = YES;
				CLANG_WARN__DUPLICATE_METHOD_MATCH = YES;
				COPY_PHASE_STRIP = NO;
				DEBUG_INFORMATION_FORMAT = "dwarf-with-dsym";
				ENABLE_NS_ASSERTIONS = NO;
				ENABLE_STRICT_OBJC_MSGSEND = YES;
				GCC_C_LANGUAGE_STANDARD = gnu11;
				GCC_NO_COMMON_BLOCKS = YES;
				GCC_WARN_64_TO_32_BIT_CONVERSION = YES;
				GCC_WARN_ABOUT_RETURN_TYPE = YES_ERROR;
				GCC_WARN_UNDECLARED_SELECTOR = YES;
				GCC_WARN_UNINITIALIZED_AUTOS = YES_AGGRESSIVE;
				GCC_WARN_UNUSED_FUNCTION = YES;
				GCC_WARN_UNUSED_VARIABLE = YES;
				IPHONEOS_DEPLOYMENT_TARGET = 15.2;
				MTL_ENABLE_DEBUG_INFO = NO;
				MTL_FAST_MATH = YES;
				SDKROOT = iphoneos;
				SWIFT_COMPILATION_MODE = wholemodule;
				SWIFT_OPTIMIZATION_LEVEL = "-O";
				VALIDATE_PRODUCT = YES;
			};
			name = Release;
		};
		9453376E27E276A500AAAD5C /* Debug */ = {
			isa = XCBuildConfiguration;
			buildSettings = {
				ASSETCATALOG_COMPILER_APPICON_NAME = AppIcon;
				ASSETCATALOG_COMPILER_GLOBAL_ACCENT_COLOR_NAME = AccentColor;
				CODE_SIGN_STYLE = Automatic;
				CURRENT_PROJECT_VERSION = 1;
				DEVELOPMENT_ASSET_PATHS = "\"Twitter-SwiftUI/Preview Content\"";
				DEVELOPMENT_TEAM = 6QHU56UTR8;
				ENABLE_PREVIEWS = YES;
				GENERATE_INFOPLIST_FILE = YES;
				INFOPLIST_KEY_UIApplicationSceneManifest_Generation = YES;
				INFOPLIST_KEY_UIApplicationSupportsIndirectInputEvents = YES;
				INFOPLIST_KEY_UILaunchScreen_Generation = YES;
				INFOPLIST_KEY_UISupportedInterfaceOrientations_iPad = "UIInterfaceOrientationPortrait UIInterfaceOrientationPortraitUpsideDown UIInterfaceOrientationLandscapeLeft UIInterfaceOrientationLandscapeRight";
				INFOPLIST_KEY_UISupportedInterfaceOrientations_iPhone = "UIInterfaceOrientationPortrait UIInterfaceOrientationLandscapeLeft UIInterfaceOrientationLandscapeRight";
				LD_RUNPATH_SEARCH_PATHS = (
					"$(inherited)",
					"@executable_path/Frameworks",
				);
				MARKETING_VERSION = 1.0;
				PRODUCT_BUNDLE_IDENTIFIER = "com.burhan.Twitter-SwiftUI";
				PRODUCT_NAME = "$(TARGET_NAME)";
				SWIFT_EMIT_LOC_STRINGS = YES;
				SWIFT_VERSION = 5.0;
				TARGETED_DEVICE_FAMILY = "1,2";
			};
			name = Debug;
		};
		9453376F27E276A500AAAD5C /* Release */ = {
			isa = XCBuildConfiguration;
			buildSettings = {
				ASSETCATALOG_COMPILER_APPICON_NAME = AppIcon;
				ASSETCATALOG_COMPILER_GLOBAL_ACCENT_COLOR_NAME = AccentColor;
				CODE_SIGN_STYLE = Automatic;
				CURRENT_PROJECT_VERSION = 1;
				DEVELOPMENT_ASSET_PATHS = "\"Twitter-SwiftUI/Preview Content\"";
				DEVELOPMENT_TEAM = 6QHU56UTR8;
				ENABLE_PREVIEWS = YES;
				GENERATE_INFOPLIST_FILE = YES;
				INFOPLIST_KEY_UIApplicationSceneManifest_Generation = YES;
				INFOPLIST_KEY_UIApplicationSupportsIndirectInputEvents = YES;
				INFOPLIST_KEY_UILaunchScreen_Generation = YES;
				INFOPLIST_KEY_UISupportedInterfaceOrientations_iPad = "UIInterfaceOrientationPortrait UIInterfaceOrientationPortraitUpsideDown UIInterfaceOrientationLandscapeLeft UIInterfaceOrientationLandscapeRight";
				INFOPLIST_KEY_UISupportedInterfaceOrientations_iPhone = "UIInterfaceOrientationPortrait UIInterfaceOrientationLandscapeLeft UIInterfaceOrientationLandscapeRight";
				LD_RUNPATH_SEARCH_PATHS = (
					"$(inherited)",
					"@executable_path/Frameworks",
				);
				MARKETING_VERSION = 1.0;
				PRODUCT_BUNDLE_IDENTIFIER = "com.burhan.Twitter-SwiftUI";
				PRODUCT_NAME = "$(TARGET_NAME)";
				SWIFT_EMIT_LOC_STRINGS = YES;
				SWIFT_VERSION = 5.0;
				TARGETED_DEVICE_FAMILY = "1,2";
			};
			name = Release;
		};
/* End XCBuildConfiguration section */

/* Begin XCConfigurationList section */
		9453375A27E276A300AAAD5C /* Build configuration list for PBXProject "Twitter-SwiftUI" */ = {
			isa = XCConfigurationList;
			buildConfigurations = (
				9453376B27E276A500AAAD5C /* Debug */,
				9453376C27E276A500AAAD5C /* Release */,
			);
			defaultConfigurationIsVisible = 0;
			defaultConfigurationName = Release;
		};
		9453376D27E276A500AAAD5C /* Build configuration list for PBXNativeTarget "Twitter-SwiftUI" */ = {
			isa = XCConfigurationList;
			buildConfigurations = (
				9453376E27E276A500AAAD5C /* Debug */,
				9453376F27E276A500AAAD5C /* Release */,
			);
			defaultConfigurationIsVisible = 0;
			defaultConfigurationName = Release;
		};
/* End XCConfigurationList section */
	};
	rootObject = 9453375727E276A300AAAD5C /* Project object */;
}
